
Microsoft Visual Studio Solution File, Format Version 12.00
# Visual Studio Version 17
VisualStudioVersion = 17.14.36518.9
MinimumVisualStudioVersion = 10.0.40219.1
Project("{FAE04EC0-301F-11D3-BF4B-00C04F79EFBC}") = "ImportExportBO", "ImportExportBO.csproj", "{BBC8B698-87DE-4BCA-BD96-8E8B1DBE936E}"
EndProject
Project("{2150E333-8FDC-42A3-9474-1A3956D46DE8}") = "Presentation", "Presentation", "{8255C39E-6152-4C09-91ED-E3FE0A6D36B6}"
EndProject
Project("{2150E333-8FDC-42A3-9474-1A3956D46DE8}") = "ShareLib", "ShareLib", "{D4EF62CA-28D2-48B7-AC88-8EBECB6E679E}"
EndProject
Project("{FAE04EC0-301F-11D3-BF4B-00C04F79EFBC}") = "AppLogger", "..\Logger\AppLogger.csproj", "{1882251C-36A9-4CDC-A850-260EF6AE150A}"
EndProject
Project("{FAE04EC0-301F-11D3-BF4B-00C04F79EFBC}") = "Domain", "..\Domain\Domain.csproj", "{F0B0F00C-9CB7-4877-AAFC-399360687734}"
EndProject
Project("{FAE04EC0-301F-11D3-BF4B-00C04F79EFBC}") = "Infrastructure", "..\Infrastructure\Infrastructure.csproj", "{8ADFAD5C-8F4A-468B-88CF-39FD3AD38C55}"
EndProject
Project("{FAE04EC0-301F-11D3-BF4B-00C04F79EFBC}") = "Application", "..\Application\Application.csproj", "{C6DE6CD2-206E-4D1E-AFDA-35DB9DCFE4CD}"
EndProject
Global
	GlobalSection(SolutionConfigurationPlatforms) = preSolution
		Debug|Any CPU = Debug|Any CPU
		Debug|x64 = Debug|x64
		Debug|x86 = Debug|x86
		Release|Any CPU = Release|Any CPU
		Release|x64 = Release|x64
		Release|x86 = Release|x86
	EndGlobalSection
	GlobalSection(ProjectConfigurationPlatforms) = postSolution
		{BBC8B698-87DE-4BCA-BD96-8E8B1DBE936E}.Debug|Any CPU.ActiveCfg = Debug|Any CPU
		{BBC8B698-87DE-4BCA-BD96-8E8B1DBE936E}.Debug|Any CPU.Build.0 = Debug|Any CPU
		{BBC8B698-87DE-4BCA-BD96-8E8B1DBE936E}.Debug|x64.ActiveCfg = Debug|Any CPU
		{BBC8B698-87DE-4BCA-BD96-8E8B1DBE936E}.Debug|x64.Build.0 = Debug|Any CPU
		{BBC8B698-87DE-4BCA-BD96-8E8B1DBE936E}.Debug|x86.ActiveCfg = Debug|Any CPU
		{BBC8B698-87DE-4BCA-BD96-8E8B1DBE936E}.Debug|x86.Build.0 = Debug|Any CPU
		{BBC8B698-87DE-4BCA-BD96-8E8B1DBE936E}.Release|Any CPU.ActiveCfg = Release|Any CPU
		{BBC8B698-87DE-4BCA-BD96-8E8B1DBE936E}.Release|Any CPU.Build.0 = Release|Any CPU
		{BBC8B698-87DE-4BCA-BD96-8E8B1DBE936E}.Release|x64.ActiveCfg = Release|Any CPU
		{BBC8B698-87DE-4BCA-BD96-8E8B1DBE936E}.Release|x64.Build.0 = Release|Any CPU
		{BBC8B698-87DE-4BCA-BD96-8E8B1DBE936E}.Release|x86.ActiveCfg = Release|Any CPU
		{BBC8B698-87DE-4BCA-BD96-8E8B1DBE936E}.Release|x86.Build.0 = Release|Any CPU
		{1882251C-36A9-4CDC-A850-260EF6AE150A}.Debug|Any CPU.ActiveCfg = Debug|Any CPU
		{1882251C-36A9-4CDC-A850-260EF6AE150A}.Debug|Any CPU.Build.0 = Debug|Any CPU
		{1882251C-36A9-4CDC-A850-260EF6AE150A}.Debug|x64.ActiveCfg = Debug|Any CPU
		{1882251C-36A9-4CDC-A850-260EF6AE150A}.Debug|x64.Build.0 = Debug|Any CPU
		{1882251C-36A9-4CDC-A850-260EF6AE150A}.Debug|x86.ActiveCfg = Debug|Any CPU
		{1882251C-36A9-4CDC-A850-260EF6AE150A}.Debug|x86.Build.0 = Debug|Any CPU
		{1882251C-36A9-4CDC-A850-260EF6AE150A}.Release|Any CPU.ActiveCfg = Release|Any CPU
		{1882251C-36A9-4CDC-A850-260EF6AE150A}.Release|Any CPU.Build.0 = Release|Any CPU
		{1882251C-36A9-4CDC-A850-260EF6AE150A}.Release|x64.ActiveCfg = Release|Any CPU
		{1882251C-36A9-4CDC-A850-260EF6AE150A}.Release|x64.Build.0 = Release|Any CPU
		{1882251C-36A9-4CDC-A850-260EF6AE150A}.Release|x86.ActiveCfg = Release|Any CPU
		{1882251C-36A9-4CDC-A850-260EF6AE150A}.Release|x86.Build.0 = Release|Any CPU
		{F0B0F00C-9CB7-4877-AAFC-399360687734}.Debug|Any CPU.ActiveCfg = Debug|Any CPU
		{F0B0F00C-9CB7-4877-AAFC-399360687734}.Debug|Any CPU.Build.0 = Debug|Any CPU
		{F0B0F00C-9CB7-4877-AAFC-399360687734}.Debug|x64.ActiveCfg = Debug|Any CPU
		{F0B0F00C-9CB7-4877-AAFC-399360687734}.Debug|x64.Build.0 = Debug|Any CPU
		{F0B0F00C-9CB7-4877-AAFC-399360687734}.Debug|x86.ActiveCfg = Debug|Any CPU
		{F0B0F00C-9CB7-4877-AAFC-399360687734}.Debug|x86.Build.0 = Debug|Any CPU
		{F0B0F00C-9CB7-4877-AAFC-399360687734}.Release|Any CPU.ActiveCfg = Release|Any CPU
		{F0B0F00C-9CB7-4877-AAFC-399360687734}.Release|Any CPU.Build.0 = Release|Any CPU
		{F0B0F00C-9CB7-4877-AAFC-399360687734}.Release|x64.ActiveCfg = Release|Any CPU
		{F0B0F00C-9CB7-4877-AAFC-399360687734}.Release|x64.Build.0 = Release|Any CPU
		{F0B0F00C-9CB7-4877-AAFC-399360687734}.Release|x86.ActiveCfg = Release|Any CPU
		{F0B0F00C-9CB7-4877-AAFC-399360687734}.Release|x86.Build.0 = Release|Any CPU
		{8ADFAD5C-8F4A-468B-88CF-39FD3AD38C55}.Debug|Any CPU.ActiveCfg = Debug|Any CPU
		{8ADFAD5C-8F4A-468B-88CF-39FD3AD38C55}.Debug|Any CPU.Build.0 = Debug|Any CPU
		{8ADFAD5C-8F4A-468B-88CF-39FD3AD38C55}.Debug|x64.ActiveCfg = Debug|Any CPU
		{8ADFAD5C-8F4A-468B-88CF-39FD3AD38C55}.Debug|x64.Build.0 = Debug|Any CPU
		{8ADFAD5C-8F4A-468B-88CF-39FD3AD38C55}.Debug|x86.ActiveCfg = Debug|Any CPU
		{8ADFAD5C-8F4A-468B-88CF-39FD3AD38C55}.Debug|x86.Build.0 = Debug|Any CPU
		{8ADFAD5C-8F4A-468B-88CF-39FD3AD38C55}.Release|Any CPU.ActiveCfg = Release|Any CPU
		{8ADFAD5C-8F4A-468B-88CF-39FD3AD38C55}.Release|Any CPU.Build.0 = Release|Any CPU
		{8ADFAD5C-8F4A-468B-88CF-39FD3AD38C55}.Release|x64.ActiveCfg = Release|Any CPU
		{8ADFAD5C-8F4A-468B-88CF-39FD3AD38C55}.Release|x64.Build.0 = Release|Any CPU
		{8ADFAD5C-8F4A-468B-88CF-39FD3AD38C55}.Release|x86.ActiveCfg = Release|Any CPU
		{8ADFAD5C-8F4A-468B-88CF-39FD3AD38C55}.Release|x86.Build.0 = Release|Any CPU
		{C6DE6CD2-206E-4D1E-AFDA-35DB9DCFE4CD}.Debug|Any CPU.ActiveCfg = Debug|Any CPU
		{C6DE6CD2-206E-4D1E-AFDA-35DB9DCFE4CD}.Debug|Any CPU.Build.0 = Debug|Any CPU
		{C6DE6CD2-206E-4D1E-AFDA-35DB9DCFE4CD}.Debug|x64.ActiveCfg = Debug|Any CPU
		{C6DE6CD2-206E-4D1E-AFDA-35DB9DCFE4CD}.Debug|x64.Build.0 = Debug|Any CPU
		{C6DE6CD2-206E-4D1E-AFDA-35DB9DCFE4CD}.Debug|x86.ActiveCfg = Debug|Any CPU
		{C6DE6CD2-206E-4D1E-AFDA-35DB9DCFE4CD}.Debug|x86.Build.0 = Debug|Any CPU
		{C6DE6CD2-206E-4D1E-AFDA-35DB9DCFE4CD}.Release|Any CPU.ActiveCfg = Release|Any CPU
		{C6DE6CD2-206E-4D1E-AFDA-35DB9DCFE4CD}.Release|Any CPU.Build.0 = Release|Any CPU
		{C6DE6CD2-206E-4D1E-AFDA-35DB9DCFE4CD}.Release|x64.ActiveCfg = Release|Any CPU
		{C6DE6CD2-206E-4D1E-AFDA-35DB9DCFE4CD}.Release|x64.Build.0 = Release|Any CPU
		{C6DE6CD2-206E-4D1E-AFDA-35DB9DCFE4CD}.Release|x86.ActiveCfg = Release|Any CPU
		{C6DE6CD2-206E-4D1E-AFDA-35DB9DCFE4CD}.Release|x86.Build.0 = Release|Any CPU
	EndGlobalSection
	GlobalSection(SolutionProperties) = preSolution
		HideSolutionNode = FALSE
	EndGlobalSection
	GlobalSection(NestedProjects) = preSolution
		{BBC8B698-87DE-4BCA-BD96-8E8B1DBE936E} = {8255C39E-6152-4C09-91ED-E3FE0A6D36B6}
		{1882251C-36A9-4CDC-A850-260EF6AE150A} = {D4EF62CA-28D2-48B7-AC88-8EBECB6E679E}
	EndGlobalSection
	GlobalSection(ExtensibilityGlobals) = postSolution
		SolutionGuid = {2B9A5213-CC77-4889-8838-2A5DC4CBCF12}
	EndGlobalSection
EndGlobal
